{
  "pins" : [
    {
      "identity" : "alamofire",
      "kind" : "remoteSourceControl",
      "location" : "https://github.com/Alamofire/Alamofire.git",
      "state" : {
        "revision" : "354dda32d89fc8cd4f5c46487f64957d355f53d8",
        "version" : "5.6.1"
      }
    },
    {
      "identity" : "keychain-swift",
      "kind" : "remoteSourceControl",
      "location" : "https://github.com/evgenyneu/keychain-swift.git",
      "state" : {
        "revision" : "96fb84f45a96630e7583903bd7e08cf095c7a7ef",
        "version" : "19.0.0"
      }
    },
    {
      "identity" : "mbprogresshud",
      "kind" : "remoteSourceControl",
      "location" : "https://github.com/jdg/MBProgressHUD.git",
      "state" : {
        "revision" : "bca42b801100b2b3a4eda0ba8dd33d858c780b0d",
        "version" : "1.2.0"
      }
    },
    {
      "identity" : "pkhud",
      "kind" : "remoteSourceControl",
      "location" : "https://github.com/pkluz/PKHUD.git",
      "state" : {
        "revision" : "8fd26f23057c6bebd6695524b1c3e05e93aba571",
        "version" : "5.4.0"
      }
    }
  ],
  "version" : 2
}
